
Microsoft Visual Studio Solution File, Format Version 12.00
# Visual Studio 14
VisualStudioVersion = 14.0.24720.0
MinimumVisualStudioVersion = 10.0.40219.1
Project("{FAE04EC0-301F-11D3-BF4B-00C04F79EFBC}") = "SensorSeed", "SensorSeed\SensorSeed.csproj", "{F693BD95-2AFB-4607-90C2-FC325FC29609}"
EndProject
Project("{FAE04EC0-301F-11D3-BF4B-00C04F79EFBC}") = "HomeOutsideWeatherStation", "HomeOutsideWeatherStation\HomeOutsideWeatherStation.csproj", "{9ED5EF3F-BFEB-4F2A-8849-0B224C369552}"
EndProject
Global
	GlobalSection(SolutionConfigurationPlatforms) = preSolution
		Debug|Any CPU = Debug|Any CPU
		Release|Any CPU = Release|Any CPU
	EndGlobalSection
	GlobalSection(ProjectConfigurationPlatforms) = postSolution
		{F693BD95-2AFB-4607-90C2-FC325FC29609}.Debug|Any CPU.ActiveCfg = Debug|Any CPU
		{F693BD95-2AFB-4607-90C2-FC325FC29609}.Debug|Any CPU.Build.0 = Debug|Any CPU
		{F693BD95-2AFB-4607-90C2-FC325FC29609}.Release|Any CPU.ActiveCfg = Release|Any CPU
		{F693BD95-2AFB-4607-90C2-FC325FC29609}.Release|Any CPU.Build.0 = Release|Any CPU
		{9ED5EF3F-BFEB-4F2A-8849-0B224C369552}.Debug|Any CPU.ActiveCfg = Debug|Any CPU
		{9ED5EF3F-BFEB-4F2A-8849-0B224C369552}.Debug|Any CPU.Build.0 = Debug|Any CPU
		{9ED5EF3F-BFEB-4F2A-8849-0B224C369552}.Release|Any CPU.ActiveCfg = Release|Any CPU
		{9ED5EF3F-BFEB-4F2A-8849-0B224C369552}.Release|Any CPU.Build.0 = Release|Any CPU
	EndGlobalSection
	GlobalSection(SolutionProperties) = preSolution
		HideSolutionNode = FALSE
	EndGlobalSection
EndGlobal
